
Microsoft Visual Studio Solution File, Format Version 12.00
# Visual Studio Version 17
VisualStudioVersion = 17.0.31903.59
MinimumVisualStudioVersion = 10.0.40219.1
Project("{2150E333-8FDC-42A3-9474-1A3956D46DE8}") = "Chapter-06", "Chapter-06", "{0E46833F-85C5-1D00-8455-F5B3E237161E}"
EndProject
Project("{FAE04EC0-301F-11D3-BF4B-00C04F79EFBC}") = "001-Print1ToN", "Chapter-06\001-Print1ToN\001-Print1ToN.csproj", "{D9C45CC1-229A-45A5-A91F-7F5D652FC098}"
EndProject
Project("{FAE04EC0-301F-11D3-BF4B-00C04F79EFBC}") = "002-NotDivisibleBy3And7", "Chapter-06\002-NotDivisibleBy3And7\002-NotDivisibleBy3And7.csproj", "{2544D5D5-A1B4-4DC2-AF9F-2D8A3FCDEAAD}"
EndProject
Project("{FAE04EC0-301F-11D3-BF4B-00C04F79EFBC}") = "004-SumArray", "Chapter-06\004-SumArray\004-SumArray.csproj", "{C9507819-A94B-49B4-85D0-0A716CA74A27}"
EndProject
Project("{FAE04EC0-301F-11D3-BF4B-00C04F79EFBC}") = "005-FibonacciSum", "Chapter-06\005-FibonacciSum\005-FibonacciSum.csproj", "{3590505A-0C4D-48D2-9039-4E50BE4F33BB}"
EndProject
Project("{FAE04EC0-301F-11D3-BF4B-00C04F79EFBC}") = "006-NtoK", "Chapter-06\006-NtoK\006-NtoK.csproj", "{4A3719AB-5B51-41EA-AD09-B38BB8203C35}"
EndProject
Project("{FAE04EC0-301F-11D3-BF4B-00C04F79EFBC}") = "008-CatalansNumber", "Chapter-06\008-CatalansNumber\008-CatalansNumber.csproj", "{2CFD309D-CFAE-4248-A933-29D5D87AF9A7}"
EndProject
Global
	GlobalSection(SolutionConfigurationPlatforms) = preSolution
		Debug|Any CPU = Debug|Any CPU
		Debug|x64 = Debug|x64
		Debug|x86 = Debug|x86
		Release|Any CPU = Release|Any CPU
		Release|x64 = Release|x64
		Release|x86 = Release|x86
	EndGlobalSection
	GlobalSection(ProjectConfigurationPlatforms) = postSolution
		{D9C45CC1-229A-45A5-A91F-7F5D652FC098}.Debug|Any CPU.ActiveCfg = Debug|Any CPU
		{D9C45CC1-229A-45A5-A91F-7F5D652FC098}.Debug|Any CPU.Build.0 = Debug|Any CPU
		{D9C45CC1-229A-45A5-A91F-7F5D652FC098}.Debug|x64.ActiveCfg = Debug|Any CPU
		{D9C45CC1-229A-45A5-A91F-7F5D652FC098}.Debug|x64.Build.0 = Debug|Any CPU
		{D9C45CC1-229A-45A5-A91F-7F5D652FC098}.Debug|x86.ActiveCfg = Debug|Any CPU
		{D9C45CC1-229A-45A5-A91F-7F5D652FC098}.Debug|x86.Build.0 = Debug|Any CPU
		{D9C45CC1-229A-45A5-A91F-7F5D652FC098}.Release|Any CPU.ActiveCfg = Release|Any CPU
		{D9C45CC1-229A-45A5-A91F-7F5D652FC098}.Release|Any CPU.Build.0 = Release|Any CPU
		{D9C45CC1-229A-45A5-A91F-7F5D652FC098}.Release|x64.ActiveCfg = Release|Any CPU
		{D9C45CC1-229A-45A5-A91F-7F5D652FC098}.Release|x64.Build.0 = Release|Any CPU
		{D9C45CC1-229A-45A5-A91F-7F5D652FC098}.Release|x86.ActiveCfg = Release|Any CPU
		{D9C45CC1-229A-45A5-A91F-7F5D652FC098}.Release|x86.Build.0 = Release|Any CPU
		{2544D5D5-A1B4-4DC2-AF9F-2D8A3FCDEAAD}.Debug|Any CPU.ActiveCfg = Debug|Any CPU
		{2544D5D5-A1B4-4DC2-AF9F-2D8A3FCDEAAD}.Debug|Any CPU.Build.0 = Debug|Any CPU
		{2544D5D5-A1B4-4DC2-AF9F-2D8A3FCDEAAD}.Debug|x64.ActiveCfg = Debug|Any CPU
		{2544D5D5-A1B4-4DC2-AF9F-2D8A3FCDEAAD}.Debug|x64.Build.0 = Debug|Any CPU
		{2544D5D5-A1B4-4DC2-AF9F-2D8A3FCDEAAD}.Debug|x86.ActiveCfg = Debug|Any CPU
		{2544D5D5-A1B4-4DC2-AF9F-2D8A3FCDEAAD}.Debug|x86.Build.0 = Debug|Any CPU
		{2544D5D5-A1B4-4DC2-AF9F-2D8A3FCDEAAD}.Release|Any CPU.ActiveCfg = Release|Any CPU
		{2544D5D5-A1B4-4DC2-AF9F-2D8A3FCDEAAD}.Release|Any CPU.Build.0 = Release|Any CPU
		{2544D5D5-A1B4-4DC2-AF9F-2D8A3FCDEAAD}.Release|x64.ActiveCfg = Release|Any CPU
		{2544D5D5-A1B4-4DC2-AF9F-2D8A3FCDEAAD}.Release|x64.Build.0 = Release|Any CPU
		{2544D5D5-A1B4-4DC2-AF9F-2D8A3FCDEAAD}.Release|x86.ActiveCfg = Release|Any CPU
		{2544D5D5-A1B4-4DC2-AF9F-2D8A3FCDEAAD}.Release|x86.Build.0 = Release|Any CPU
		{C9507819-A94B-49B4-85D0-0A716CA74A27}.Debug|Any CPU.ActiveCfg = Debug|Any CPU
		{C9507819-A94B-49B4-85D0-0A716CA74A27}.Debug|Any CPU.Build.0 = Debug|Any CPU
		{C9507819-A94B-49B4-85D0-0A716CA74A27}.Debug|x64.ActiveCfg = Debug|Any CPU
		{C9507819-A94B-49B4-85D0-0A716CA74A27}.Debug|x64.Build.0 = Debug|Any CPU
		{C9507819-A94B-49B4-85D0-0A716CA74A27}.Debug|x86.ActiveCfg = Debug|Any CPU
		{C9507819-A94B-49B4-85D0-0A716CA74A27}.Debug|x86.Build.0 = Debug|Any CPU
		{C9507819-A94B-49B4-85D0-0A716CA74A27}.Release|Any CPU.ActiveCfg = Release|Any CPU
		{C9507819-A94B-49B4-85D0-0A716CA74A27}.Release|Any CPU.Build.0 = Release|Any CPU
		{C9507819-A94B-49B4-85D0-0A716CA74A27}.Release|x64.ActiveCfg = Release|Any CPU
		{C9507819-A94B-49B4-85D0-0A716CA74A27}.Release|x64.Build.0 = Release|Any CPU
		{C9507819-A94B-49B4-85D0-0A716CA74A27}.Release|x86.ActiveCfg = Release|Any CPU
		{C9507819-A94B-49B4-85D0-0A716CA74A27}.Release|x86.Build.0 = Release|Any CPU
		{3590505A-0C4D-48D2-9039-4E50BE4F33BB}.Debug|Any CPU.ActiveCfg = Debug|Any CPU
		{3590505A-0C4D-48D2-9039-4E50BE4F33BB}.Debug|Any CPU.Build.0 = Debug|Any CPU
		{3590505A-0C4D-48D2-9039-4E50BE4F33BB}.Debug|x64.ActiveCfg = Debug|Any CPU
		{3590505A-0C4D-48D2-9039-4E50BE4F33BB}.Debug|x64.Build.0 = Debug|Any CPU
		{3590505A-0C4D-48D2-9039-4E50BE4F33BB}.Debug|x86.ActiveCfg = Debug|Any CPU
		{3590505A-0C4D-48D2-9039-4E50BE4F33BB}.Debug|x86.Build.0 = Debug|Any CPU
		{3590505A-0C4D-48D2-9039-4E50BE4F33BB}.Release|Any CPU.ActiveCfg = Release|Any CPU
		{3590505A-0C4D-48D2-9039-4E50BE4F33BB}.Release|Any CPU.Build.0 = Release|Any CPU
		{3590505A-0C4D-48D2-9039-4E50BE4F33BB}.Release|x64.ActiveCfg = Release|Any CPU
		{3590505A-0C4D-48D2-9039-4E50BE4F33BB}.Release|x64.Build.0 = Release|Any CPU
		{3590505A-0C4D-48D2-9039-4E50BE4F33BB}.Release|x86.ActiveCfg = Release|Any CPU
		{3590505A-0C4D-48D2-9039-4E50BE4F33BB}.Release|x86.Build.0 = Release|Any CPU
		{4A3719AB-5B51-41EA-AD09-B38BB8203C35}.Debug|Any CPU.ActiveCfg = Debug|Any CPU
		{4A3719AB-5B51-41EA-AD09-B38BB8203C35}.Debug|Any CPU.Build.0 = Debug|Any CPU
		{4A3719AB-5B51-41EA-AD09-B38BB8203C35}.Debug|x64.ActiveCfg = Debug|Any CPU
		{4A3719AB-5B51-41EA-AD09-B38BB8203C35}.Debug|x64.Build.0 = Debug|Any CPU
		{4A3719AB-5B51-41EA-AD09-B38BB8203C35}.Debug|x86.ActiveCfg = Debug|Any CPU
		{4A3719AB-5B51-41EA-AD09-B38BB8203C35}.Debug|x86.Build.0 = Debug|Any CPU
		{4A3719AB-5B51-41EA-AD09-B38BB8203C35}.Release|Any CPU.ActiveCfg = Release|Any CPU
		{4A3719AB-5B51-41EA-AD09-B38BB8203C35}.Release|Any CPU.Build.0 = Release|Any CPU
		{4A3719AB-5B51-41EA-AD09-B38BB8203C35}.Release|x64.ActiveCfg = Release|Any CPU
		{4A3719AB-5B51-41EA-AD09-B38BB8203C35}.Release|x64.Build.0 = Release|Any CPU
		{4A3719AB-5B51-41EA-AD09-B38BB8203C35}.Release|x86.ActiveCfg = Release|Any CPU
		{4A3719AB-5B51-41EA-AD09-B38BB8203C35}.Release|x86.Build.0 = Release|Any CPU
		{2CFD309D-CFAE-4248-A933-29D5D87AF9A7}.Debug|Any CPU.ActiveCfg = Debug|Any CPU
		{2CFD309D-CFAE-4248-A933-29D5D87AF9A7}.Debug|Any CPU.Build.0 = Debug|Any CPU
		{2CFD309D-CFAE-4248-A933-29D5D87AF9A7}.Debug|x64.ActiveCfg = Debug|Any CPU
		{2CFD309D-CFAE-4248-A933-29D5D87AF9A7}.Debug|x64.Build.0 = Debug|Any CPU
		{2CFD309D-CFAE-4248-A933-29D5D87AF9A7}.Debug|x86.ActiveCfg = Debug|Any CPU
		{2CFD309D-CFAE-4248-A933-29D5D87AF9A7}.Debug|x86.Build.0 = Debug|Any CPU
		{2CFD309D-CFAE-4248-A933-29D5D87AF9A7}.Release|Any CPU.ActiveCfg = Release|Any CPU
		{2CFD309D-CFAE-4248-A933-29D5D87AF9A7}.Release|Any CPU.Build.0 = Release|Any CPU
		{2CFD309D-CFAE-4248-A933-29D5D87AF9A7}.Release|x64.ActiveCfg = Release|Any CPU
		{2CFD309D-CFAE-4248-A933-29D5D87AF9A7}.Release|x64.Build.0 = Release|Any CPU
		{2CFD309D-CFAE-4248-A933-29D5D87AF9A7}.Release|x86.ActiveCfg = Release|Any CPU
		{2CFD309D-CFAE-4248-A933-29D5D87AF9A7}.Release|x86.Build.0 = Release|Any CPU
	EndGlobalSection
	GlobalSection(SolutionProperties) = preSolution
		HideSolutionNode = FALSE
	EndGlobalSection
	GlobalSection(NestedProjects) = preSolution
		{D9C45CC1-229A-45A5-A91F-7F5D652FC098} = {0E46833F-85C5-1D00-8455-F5B3E237161E}
		{2544D5D5-A1B4-4DC2-AF9F-2D8A3FCDEAAD} = {0E46833F-85C5-1D00-8455-F5B3E237161E}
		{C9507819-A94B-49B4-85D0-0A716CA74A27} = {0E46833F-85C5-1D00-8455-F5B3E237161E}
		{3590505A-0C4D-48D2-9039-4E50BE4F33BB} = {0E46833F-85C5-1D00-8455-F5B3E237161E}
		{4A3719AB-5B51-41EA-AD09-B38BB8203C35} = {0E46833F-85C5-1D00-8455-F5B3E237161E}
		{2CFD309D-CFAE-4248-A933-29D5D87AF9A7} = {0E46833F-85C5-1D00-8455-F5B3E237161E}
	EndGlobalSection
EndGlobal
